
Microsoft Visual Studio Solution File, Format Version 12.00
# Visual Studio Version 17
VisualStudioVersion = 17.9.34616.47
MinimumVisualStudioVersion = 10.0.40219.1
Project("{8BC9CEB8-8B4A-11D0-8D11-00A0C91BC942}") = "01.C++Basic", "01.C++Basic\01.C++Basic.vcxproj", "{69A77F7E-84C2-4D43-ABCE-7F2EC4D3E3E6}"
EndProject
Project("{8BC9CEB8-8B4A-11D0-8D11-00A0C91BC942}") = "01-01.Memory", "01-01.Memory\01-01.Memory.vcxproj", "{5C6F82CA-177D-4E33-94F7-46851C3A47F2}"
EndProject
Project("{8BC9CEB8-8B4A-11D0-8D11-00A0C91BC942}") = "01-02.String", "01-02.String\01-02.String.vcxproj", "{FB769337-FD74-4E47-A19D-D403C2A6D1DB}"
EndProject
Project("{8BC9CEB8-8B4A-11D0-8D11-00A0C91BC942}") = "01-03.Class", "01-03.Class\01-03.Class.vcxproj", "{CCBFD356-2A37-4345-AD55-27BC3D082F82}"
EndProject
Project("{8BC9CEB8-8B4A-11D0-8D11-00A0C91BC942}") = "01-04.Class2", "01-04.Class2\01-04.Class2.vcxproj", "{89A5C5A0-C67D-497F-B7E4-A921DC8E8000}"
EndProject
Project("{8BC9CEB8-8B4A-11D0-8D11-00A0C91BC942}") = "01-05.Template", "01-05.Template\01-05.Template.vcxproj", "{1156EC3E-1C66-4A7D-884C-EF8A10052CA6}"
EndProject
Project("{8BC9CEB8-8B4A-11D0-8D11-00A0C91BC942}") = "01-06.Container", "01-06.Container\01-06.Container.vcxproj", "{02F2EB2B-157B-4B4B-97C6-1B5AF8ACC3B6}"
EndProject
Project("{8BC9CEB8-8B4A-11D0-8D11-00A0C91BC942}") = "01-07.Vector", "01-07.Vector\01-07.Vector.vcxproj", "{52B0ACBC-CDB1-4923-A0A6-055202AEB2BB}"
EndProject
Project("{8BC9CEB8-8B4A-11D0-8D11-00A0C91BC942}") = "01-08.ErrorHandling", "01-08.ErrorHandling\01-08.ErrorHandling.vcxproj", "{0830A42E-9312-4B0C-AB5E-98809D877A7C}"
EndProject
Project("{8BC9CEB8-8B4A-11D0-8D11-00A0C91BC942}") = "01-09.FileIO", "01-09.FileIO\01-09.FileIO.vcxproj", "{FBDB29A6-C92E-44F8-A194-4063818A8887}"
EndProject
Project("{8BC9CEB8-8B4A-11D0-8D11-00A0C91BC942}") = "01-10.MemoryPool", "01-10.MemoryPool\01-10.MemoryPool.vcxproj", "{6ECEE09A-1CE7-453B-977B-F7EF72E23DAA}"
EndProject
Project("{8BC9CEB8-8B4A-11D0-8D11-00A0C91BC942}") = "02.UserManagementProgram", "02.UserManagementProgram\02.UserManagementProgram.vcxproj", "{F3993D3E-1B9B-4E72-9940-6BD0C030A0B5}"
EndProject
Project("{8BC9CEB8-8B4A-11D0-8D11-00A0C91BC942}") = "03.LibraryUser", "03.LibraryUser\03.LibraryUser.vcxproj", "{33C78F8F-8031-4B25-9672-9199618B0653}"
EndProject
Project("{8BC9CEB8-8B4A-11D0-8D11-00A0C91BC942}") = "03-01.StaticLibrary", "03-01.StaticLibrary\03-01.StaticLibrary.vcxproj", "{53CCF646-BB56-4466-9C7C-2AA631934E6D}"
EndProject
Project("{8BC9CEB8-8B4A-11D0-8D11-00A0C91BC942}") = "03-02.StaticLibrary", "03-02.StaticLibrary\03-02.StaticLibrary.vcxproj", "{E3393BE9-C24E-4036-92FC-B5B6D2A4816F}"
EndProject
Project("{8BC9CEB8-8B4A-11D0-8D11-00A0C91BC942}") = "03-03.StaticLibrary", "03-03.StaticLibrary\03-03.StaticLibrary.vcxproj", "{3AA359FB-791E-4003-A9D2-A2DB089A1594}"
EndProject
Project("{8BC9CEB8-8B4A-11D0-8D11-00A0C91BC942}") = "03-04.DLL", "03-04.DLL\03-04.DLL.vcxproj", "{EE91AC4C-D85F-46AC-BECE-DE5AB511C6CC}"
EndProject
Project("{8BC9CEB8-8B4A-11D0-8D11-00A0C91BC942}") = "03-05.DLLLoad", "03-05.DLLLoad\03-05.DLLLoad.vcxproj", "{3737D662-5BCC-4A81-AAF3-EA923B404318}"
EndProject
Global
	GlobalSection(SolutionConfigurationPlatforms) = preSolution
		Debug|x64 = Debug|x64
		Debug|x86 = Debug|x86
		Release|x64 = Release|x64
		Release|x86 = Release|x86
	EndGlobalSection
	GlobalSection(ProjectConfigurationPlatforms) = postSolution
		{69A77F7E-84C2-4D43-ABCE-7F2EC4D3E3E6}.Debug|x64.ActiveCfg = Debug|x64
		{69A77F7E-84C2-4D43-ABCE-7F2EC4D3E3E6}.Debug|x64.Build.0 = Debug|x64
		{69A77F7E-84C2-4D43-ABCE-7F2EC4D3E3E6}.Debug|x86.ActiveCfg = Debug|Win32
		{69A77F7E-84C2-4D43-ABCE-7F2EC4D3E3E6}.Debug|x86.Build.0 = Debug|Win32
		{69A77F7E-84C2-4D43-ABCE-7F2EC4D3E3E6}.Release|x64.ActiveCfg = Release|x64
		{69A77F7E-84C2-4D43-ABCE-7F2EC4D3E3E6}.Release|x64.Build.0 = Release|x64
		{69A77F7E-84C2-4D43-ABCE-7F2EC4D3E3E6}.Release|x86.ActiveCfg = Release|Win32
		{69A77F7E-84C2-4D43-ABCE-7F2EC4D3E3E6}.Release|x86.Build.0 = Release|Win32
		{5C6F82CA-177D-4E33-94F7-46851C3A47F2}.Debug|x64.ActiveCfg = Debug|x64
		{5C6F82CA-177D-4E33-94F7-46851C3A47F2}.Debug|x64.Build.0 = Debug|x64
		{5C6F82CA-177D-4E33-94F7-46851C3A47F2}.Debug|x86.ActiveCfg = Debug|Win32
		{5C6F82CA-177D-4E33-94F7-46851C3A47F2}.Debug|x86.Build.0 = Debug|Win32
		{5C6F82CA-177D-4E33-94F7-46851C3A47F2}.Release|x64.ActiveCfg = Release|x64
		{5C6F82CA-177D-4E33-94F7-46851C3A47F2}.Release|x64.Build.0 = Release|x64
		{5C6F82CA-177D-4E33-94F7-46851C3A47F2}.Release|x86.ActiveCfg = Release|Win32
		{5C6F82CA-177D-4E33-94F7-46851C3A47F2}.Release|x86.Build.0 = Release|Win32
		{FB769337-FD74-4E47-A19D-D403C2A6D1DB}.Debug|x64.ActiveCfg = Debug|x64
		{FB769337-FD74-4E47-A19D-D403C2A6D1DB}.Debug|x64.Build.0 = Debug|x64
		{FB769337-FD74-4E47-A19D-D403C2A6D1DB}.Debug|x86.ActiveCfg = Debug|Win32
		{FB769337-FD74-4E47-A19D-D403C2A6D1DB}.Debug|x86.Build.0 = Debug|Win32
		{FB769337-FD74-4E47-A19D-D403C2A6D1DB}.Release|x64.ActiveCfg = Release|x64
		{FB769337-FD74-4E47-A19D-D403C2A6D1DB}.Release|x64.Build.0 = Release|x64
		{FB769337-FD74-4E47-A19D-D403C2A6D1DB}.Release|x86.ActiveCfg = Release|Win32
		{FB769337-FD74-4E47-A19D-D403C2A6D1DB}.Release|x86.Build.0 = Release|Win32
		{CCBFD356-2A37-4345-AD55-27BC3D082F82}.Debug|x64.ActiveCfg = Debug|x64
		{CCBFD356-2A37-4345-AD55-27BC3D082F82}.Debug|x64.Build.0 = Debug|x64
		{CCBFD356-2A37-4345-AD55-27BC3D082F82}.Debug|x86.ActiveCfg = Debug|Win32
		{CCBFD356-2A37-4345-AD55-27BC3D082F82}.Debug|x86.Build.0 = Debug|Win32
		{CCBFD356-2A37-4345-AD55-27BC3D082F82}.Release|x64.ActiveCfg = Release|x64
		{CCBFD356-2A37-4345-AD55-27BC3D082F82}.Release|x64.Build.0 = Release|x64
		{CCBFD356-2A37-4345-AD55-27BC3D082F82}.Release|x86.ActiveCfg = Release|Win32
		{CCBFD356-2A37-4345-AD55-27BC3D082F82}.Release|x86.Build.0 = Release|Win32
		{89A5C5A0-C67D-497F-B7E4-A921DC8E8000}.Debug|x64.ActiveCfg = Debug|x64
		{89A5C5A0-C67D-497F-B7E4-A921DC8E8000}.Debug|x64.Build.0 = Debug|x64
		{89A5C5A0-C67D-497F-B7E4-A921DC8E8000}.Debug|x86.ActiveCfg = Debug|Win32
		{89A5C5A0-C67D-497F-B7E4-A921DC8E8000}.Debug|x86.Build.0 = Debug|Win32
		{89A5C5A0-C67D-497F-B7E4-A921DC8E8000}.Release|x64.ActiveCfg = Release|x64
		{89A5C5A0-C67D-497F-B7E4-A921DC8E8000}.Release|x64.Build.0 = Release|x64
		{89A5C5A0-C67D-497F-B7E4-A921DC8E8000}.Release|x86.ActiveCfg = Release|Win32
		{89A5C5A0-C67D-497F-B7E4-A921DC8E8000}.Release|x86.Build.0 = Release|Win32
		{1156EC3E-1C66-4A7D-884C-EF8A10052CA6}.Debug|x64.ActiveCfg = Debug|x64
		{1156EC3E-1C66-4A7D-884C-EF8A10052CA6}.Debug|x64.Build.0 = Debug|x64
		{1156EC3E-1C66-4A7D-884C-EF8A10052CA6}.Debug|x86.ActiveCfg = Debug|Win32
		{1156EC3E-1C66-4A7D-884C-EF8A10052CA6}.Debug|x86.Build.0 = Debug|Win32
		{1156EC3E-1C66-4A7D-884C-EF8A10052CA6}.Release|x64.ActiveCfg = Release|x64
		{1156EC3E-1C66-4A7D-884C-EF8A10052CA6}.Release|x64.Build.0 = Release|x64
		{1156EC3E-1C66-4A7D-884C-EF8A10052CA6}.Release|x86.ActiveCfg = Release|Win32
		{1156EC3E-1C66-4A7D-884C-EF8A10052CA6}.Release|x86.Build.0 = Release|Win32
		{02F2EB2B-157B-4B4B-97C6-1B5AF8ACC3B6}.Debug|x64.ActiveCfg = Debug|x64
		{02F2EB2B-157B-4B4B-97C6-1B5AF8ACC3B6}.Debug|x64.Build.0 = Debug|x64
		{02F2EB2B-157B-4B4B-97C6-1B5AF8ACC3B6}.Debug|x86.ActiveCfg = Debug|Win32
		{02F2EB2B-157B-4B4B-97C6-1B5AF8ACC3B6}.Debug|x86.Build.0 = Debug|Win32
		{02F2EB2B-157B-4B4B-97C6-1B5AF8ACC3B6}.Release|x64.ActiveCfg = Release|x64
		{02F2EB2B-157B-4B4B-97C6-1B5AF8ACC3B6}.Release|x64.Build.0 = Release|x64
		{02F2EB2B-157B-4B4B-97C6-1B5AF8ACC3B6}.Release|x86.ActiveCfg = Release|Win32
		{02F2EB2B-157B-4B4B-97C6-1B5AF8ACC3B6}.Release|x86.Build.0 = Release|Win32
		{52B0ACBC-CDB1-4923-A0A6-055202AEB2BB}.Debug|x64.ActiveCfg = Debug|x64
		{52B0ACBC-CDB1-4923-A0A6-055202AEB2BB}.Debug|x64.Build.0 = Debug|x64
		{52B0ACBC-CDB1-4923-A0A6-055202AEB2BB}.Debug|x86.ActiveCfg = Debug|Win32
		{52B0ACBC-CDB1-4923-A0A6-055202AEB2BB}.Debug|x86.Build.0 = Debug|Win32
		{52B0ACBC-CDB1-4923-A0A6-055202AEB2BB}.Release|x64.ActiveCfg = Release|x64
		{52B0ACBC-CDB1-4923-A0A6-055202AEB2BB}.Release|x64.Build.0 = Release|x64
		{52B0ACBC-CDB1-4923-A0A6-055202AEB2BB}.Release|x86.ActiveCfg = Release|Win32
		{52B0ACBC-CDB1-4923-A0A6-055202AEB2BB}.Release|x86.Build.0 = Release|Win32
		{0830A42E-9312-4B0C-AB5E-98809D877A7C}.Debug|x64.ActiveCfg = Debug|x64
		{0830A42E-9312-4B0C-AB5E-98809D877A7C}.Debug|x64.Build.0 = Debug|x64
		{0830A42E-9312-4B0C-AB5E-98809D877A7C}.Debug|x86.ActiveCfg = Debug|Win32
		{0830A42E-9312-4B0C-AB5E-98809D877A7C}.Debug|x86.Build.0 = Debug|Win32
		{0830A42E-9312-4B0C-AB5E-98809D877A7C}.Release|x64.ActiveCfg = Release|x64
		{0830A42E-9312-4B0C-AB5E-98809D877A7C}.Release|x64.Build.0 = Release|x64
		{0830A42E-9312-4B0C-AB5E-98809D877A7C}.Release|x86.ActiveCfg = Release|Win32
		{0830A42E-9312-4B0C-AB5E-98809D877A7C}.Release|x86.Build.0 = Release|Win32
		{FBDB29A6-C92E-44F8-A194-4063818A8887}.Debug|x64.ActiveCfg = Debug|x64
		{FBDB29A6-C92E-44F8-A194-4063818A8887}.Debug|x64.Build.0 = Debug|x64
		{FBDB29A6-C92E-44F8-A194-4063818A8887}.Debug|x86.ActiveCfg = Debug|Win32
		{FBDB29A6-C92E-44F8-A194-4063818A8887}.Debug|x86.Build.0 = Debug|Win32
		{FBDB29A6-C92E-44F8-A194-4063818A8887}.Release|x64.ActiveCfg = Release|x64
		{FBDB29A6-C92E-44F8-A194-4063818A8887}.Release|x64.Build.0 = Release|x64
		{FBDB29A6-C92E-44F8-A194-4063818A8887}.Release|x86.ActiveCfg = Release|Win32
		{FBDB29A6-C92E-44F8-A194-4063818A8887}.Release|x86.Build.0 = Release|Win32
		{6ECEE09A-1CE7-453B-977B-F7EF72E23DAA}.Debug|x64.ActiveCfg = Debug|x64
		{6ECEE09A-1CE7-453B-977B-F7EF72E23DAA}.Debug|x64.Build.0 = Debug|x64
		{6ECEE09A-1CE7-453B-977B-F7EF72E23DAA}.Debug|x86.ActiveCfg = Debug|Win32
		{6ECEE09A-1CE7-453B-977B-F7EF72E23DAA}.Debug|x86.Build.0 = Debug|Win32
		{6ECEE09A-1CE7-453B-977B-F7EF72E23DAA}.Release|x64.ActiveCfg = Release|x64
		{6ECEE09A-1CE7-453B-977B-F7EF72E23DAA}.Release|x64.Build.0 = Release|x64
		{6ECEE09A-1CE7-453B-977B-F7EF72E23DAA}.Release|x86.ActiveCfg = Release|Win32
		{6ECEE09A-1CE7-453B-977B-F7EF72E23DAA}.Release|x86.Build.0 = Release|Win32
		{F3993D3E-1B9B-4E72-9940-6BD0C030A0B5}.Debug|x64.ActiveCfg = Debug|x64
		{F3993D3E-1B9B-4E72-9940-6BD0C030A0B5}.Debug|x64.Build.0 = Debug|x64
		{F3993D3E-1B9B-4E72-9940-6BD0C030A0B5}.Debug|x86.ActiveCfg = Debug|Win32
		{F3993D3E-1B9B-4E72-9940-6BD0C030A0B5}.Debug|x86.Build.0 = Debug|Win32
		{F3993D3E-1B9B-4E72-9940-6BD0C030A0B5}.Release|x64.ActiveCfg = Release|x64
		{F3993D3E-1B9B-4E72-9940-6BD0C030A0B5}.Release|x64.Build.0 = Release|x64
		{F3993D3E-1B9B-4E72-9940-6BD0C030A0B5}.Release|x86.ActiveCfg = Release|Win32
		{F3993D3E-1B9B-4E72-9940-6BD0C030A0B5}.Release|x86.Build.0 = Release|Win32
		{33C78F8F-8031-4B25-9672-9199618B0653}.Debug|x64.ActiveCfg = Debug|x64
		{33C78F8F-8031-4B25-9672-9199618B0653}.Debug|x64.Build.0 = Debug|x64
		{33C78F8F-8031-4B25-9672-9199618B0653}.Debug|x86.ActiveCfg = Debug|Win32
		{33C78F8F-8031-4B25-9672-9199618B0653}.Debug|x86.Build.0 = Debug|Win32
		{33C78F8F-8031-4B25-9672-9199618B0653}.Release|x64.ActiveCfg = Release|x64
		{33C78F8F-8031-4B25-9672-9199618B0653}.Release|x64.Build.0 = Release|x64
		{33C78F8F-8031-4B25-9672-9199618B0653}.Release|x86.ActiveCfg = Release|Win32
		{33C78F8F-8031-4B25-9672-9199618B0653}.Release|x86.Build.0 = Release|Win32
		{53CCF646-BB56-4466-9C7C-2AA631934E6D}.Debug|x64.ActiveCfg = Debug|x64
		{53CCF646-BB56-4466-9C7C-2AA631934E6D}.Debug|x64.Build.0 = Debug|x64
		{53CCF646-BB56-4466-9C7C-2AA631934E6D}.Debug|x86.ActiveCfg = Debug|Win32
		{53CCF646-BB56-4466-9C7C-2AA631934E6D}.Debug|x86.Build.0 = Debug|Win32
		{53CCF646-BB56-4466-9C7C-2AA631934E6D}.Release|x64.ActiveCfg = Release|x64
		{53CCF646-BB56-4466-9C7C-2AA631934E6D}.Release|x64.Build.0 = Release|x64
		{53CCF646-BB56-4466-9C7C-2AA631934E6D}.Release|x86.ActiveCfg = Release|Win32
		{53CCF646-BB56-4466-9C7C-2AA631934E6D}.Release|x86.Build.0 = Release|Win32
		{E3393BE9-C24E-4036-92FC-B5B6D2A4816F}.Debug|x64.ActiveCfg = Debug|x64
		{E3393BE9-C24E-4036-92FC-B5B6D2A4816F}.Debug|x64.Build.0 = Debug|x64
		{E3393BE9-C24E-4036-92FC-B5B6D2A4816F}.Debug|x86.ActiveCfg = Debug|Win32
		{E3393BE9-C24E-4036-92FC-B5B6D2A4816F}.Debug|x86.Build.0 = Debug|Win32
		{E3393BE9-C24E-4036-92FC-B5B6D2A4816F}.Release|x64.ActiveCfg = Release|x64
		{E3393BE9-C24E-4036-92FC-B5B6D2A4816F}.Release|x64.Build.0 = Release|x64
		{E3393BE9-C24E-4036-92FC-B5B6D2A4816F}.Release|x86.ActiveCfg = Release|Win32
		{E3393BE9-C24E-4036-92FC-B5B6D2A4816F}.Release|x86.Build.0 = Release|Win32
		{3AA359FB-791E-4003-A9D2-A2DB089A1594}.Debug|x64.ActiveCfg = Debug|x64
		{3AA359FB-791E-4003-A9D2-A2DB089A1594}.Debug|x64.Build.0 = Debug|x64
		{3AA359FB-791E-4003-A9D2-A2DB089A1594}.Debug|x86.ActiveCfg = Debug|Win32
		{3AA359FB-791E-4003-A9D2-A2DB089A1594}.Debug|x86.Build.0 = Debug|Win32
		{3AA359FB-791E-4003-A9D2-A2DB089A1594}.Release|x64.ActiveCfg = Release|x64
		{3AA359FB-791E-4003-A9D2-A2DB089A1594}.Release|x64.Build.0 = Release|x64
		{3AA359FB-791E-4003-A9D2-A2DB089A1594}.Release|x86.ActiveCfg = Release|Win32
		{3AA359FB-791E-4003-A9D2-A2DB089A1594}.Release|x86.Build.0 = Release|Win32
		{EE91AC4C-D85F-46AC-BECE-DE5AB511C6CC}.Debug|x64.ActiveCfg = Debug|x64
		{EE91AC4C-D85F-46AC-BECE-DE5AB511C6CC}.Debug|x64.Build.0 = Debug|x64
		{EE91AC4C-D85F-46AC-BECE-DE5AB511C6CC}.Debug|x86.ActiveCfg = Debug|Win32
		{EE91AC4C-D85F-46AC-BECE-DE5AB511C6CC}.Debug|x86.Build.0 = Debug|Win32
		{EE91AC4C-D85F-46AC-BECE-DE5AB511C6CC}.Release|x64.ActiveCfg = Release|x64
		{EE91AC4C-D85F-46AC-BECE-DE5AB511C6CC}.Release|x64.Build.0 = Release|x64
		{EE91AC4C-D85F-46AC-BECE-DE5AB511C6CC}.Release|x86.ActiveCfg = Release|Win32
		{EE91AC4C-D85F-46AC-BECE-DE5AB511C6CC}.Release|x86.Build.0 = Release|Win32
		{3737D662-5BCC-4A81-AAF3-EA923B404318}.Debug|x64.ActiveCfg = Debug|x64
		{3737D662-5BCC-4A81-AAF3-EA923B404318}.Debug|x64.Build.0 = Debug|x64
		{3737D662-5BCC-4A81-AAF3-EA923B404318}.Debug|x86.ActiveCfg = Debug|Win32
		{3737D662-5BCC-4A81-AAF3-EA923B404318}.Debug|x86.Build.0 = Debug|Win32
		{3737D662-5BCC-4A81-AAF3-EA923B404318}.Release|x64.ActiveCfg = Release|x64
		{3737D662-5BCC-4A81-AAF3-EA923B404318}.Release|x64.Build.0 = Release|x64
		{3737D662-5BCC-4A81-AAF3-EA923B404318}.Release|x86.ActiveCfg = Release|Win32
		{3737D662-5BCC-4A81-AAF3-EA923B404318}.Release|x86.Build.0 = Release|Win32
	EndGlobalSection
	GlobalSection(SolutionProperties) = preSolution
		HideSolutionNode = FALSE
	EndGlobalSection
	GlobalSection(ExtensibilityGlobals) = postSolution
		SolutionGuid = {E293054D-D365-44EB-9A80-C1566CBEAE7A}
	EndGlobalSection
EndGlobal
